
Microsoft Visual Studio Solution File, Format Version 12.00
# Visual Studio Version 17
VisualStudioVersion = 17.5.002.0
MinimumVisualStudioVersion = 10.0.40219.1
Project("{9A19103F-16F7-4668-BE54-9A1E7A4F7556}") = "ECommerceProductsAPI", "ECommerceProductsAPI.csproj", "{521D01D0-AB59-4867-8A68-28FDB1EBA809}"
EndProject
Project("{FAE04EC0-301F-11D3-BF4B-00C04F79EFBC}") = "ECommerceProductsAPI.Tests", "ECommerceProductsAPI.Tests\ECommerceProductsAPI.Tests.csproj", "{F0C3B4FB-CF00-4315-BEF0-199E6AA6105B}"
EndProject
Global
	GlobalSection(SolutionConfigurationPlatforms) = preSolution
		Debug|Any CPU = Debug|Any CPU
		Release|Any CPU = Release|Any CPU
	EndGlobalSection
	GlobalSection(ProjectConfigurationPlatforms) = postSolution
		{521D01D0-AB59-4867-8A68-28FDB1EBA809}.Debug|Any CPU.ActiveCfg = Debug|Any CPU
		{521D01D0-AB59-4867-8A68-28FDB1EBA809}.Debug|Any CPU.Build.0 = Debug|Any CPU
		{521D01D0-AB59-4867-8A68-28FDB1EBA809}.Release|Any CPU.ActiveCfg = Release|Any CPU
		{521D01D0-AB59-4867-8A68-28FDB1EBA809}.Release|Any CPU.Build.0 = Release|Any CPU
		{F0C3B4FB-CF00-4315-BEF0-199E6AA6105B}.Debug|Any CPU.ActiveCfg = Debug|Any CPU
		{F0C3B4FB-CF00-4315-BEF0-199E6AA6105B}.Debug|Any CPU.Build.0 = Debug|Any CPU
		{F0C3B4FB-CF00-4315-BEF0-199E6AA6105B}.Release|Any CPU.ActiveCfg = Release|Any CPU
		{F0C3B4FB-CF00-4315-BEF0-199E6AA6105B}.Release|Any CPU.Build.0 = Release|Any CPU
	EndGlobalSection
	GlobalSection(SolutionProperties) = preSolution
		HideSolutionNode = FALSE
	EndGlobalSection
	GlobalSection(ExtensibilityGlobals) = postSolution
		SolutionGuid = {C8951F7A-FFEB-47F3-B160-EC966C1AA862}
	EndGlobalSection
EndGlobal
